{
  "originHash" : "86c04a909d970832ecfd5e9b5c53e1d6383628921754dd1c3770d9c5130cbee0",
  "pins" : [
    {
      "identity" : "grdb.swift",
      "kind" : "remoteSourceControl",
      "location" : "https://github.com/groue/GRDB.swift.git",
      "state" : {
        "revision" : "2cf6c756e1e5ef6901ebae16576a7e4e4b834622",
        "version" : "6.29.3"
      }
    },
    {
      "identity" : "webrtc",
      "kind" : "remoteSourceControl",
      "location" : "https://github.com/stasel/WebRTC.git",
      "state" : {
        "branch" : "latest",
        "revision" : "979c8867b62eaae6bc5b799d838a71f5296af8b2"
      }
    }
  ],
  "version" : 3
}
